
Microsoft Visual Studio Solution File, Format Version 12.00
# Visual Studio Version 16
VisualStudioVersion = 16.0.30517.126
MinimumVisualStudioVersion = 10.0.40219.1
Project("{FAE04EC0-301F-11D3-BF4B-00C04F79EFBC}") = "PR-09-02", "PR-09-02.csproj", "{2C266873-B9BE-4053-9DEC-9E0BB6E27F30}"
EndProject
Global
	GlobalSection(SolutionConfigurationPlatforms) = preSolution
		Debug|Any CPU = Debug|Any CPU
		Release|Any CPU = Release|Any CPU
	EndGlobalSection
	GlobalSection(ProjectConfigurationPlatforms) = postSolution
		{2C266873-B9BE-4053-9DEC-9E0BB6E27F30}.Debug|Any CPU.ActiveCfg = Debug|Any CPU
		{2C266873-B9BE-4053-9DEC-9E0BB6E27F30}.Debug|Any CPU.Build.0 = Debug|Any CPU
		{2C266873-B9BE-4053-9DEC-9E0BB6E27F30}.Release|Any CPU.ActiveCfg = Release|Any CPU
		{2C266873-B9BE-4053-9DEC-9E0BB6E27F30}.Release|Any CPU.Build.0 = Release|Any CPU
	EndGlobalSection
	GlobalSection(SolutionProperties) = preSolution
		HideSolutionNode = FALSE
	EndGlobalSection
	GlobalSection(ExtensibilityGlobals) = postSolution
		SolutionGuid = {B6F510E3-3B17-42A9-95EE-EC929BF0350D}
	EndGlobalSection
EndGlobal
