
Microsoft Visual Studio Solution File, Format Version 12.00
# Visual Studio Version 16
VisualStudioVersion = 16.0.30517.126
MinimumVisualStudioVersion = 10.0.40219.1
Project("{FAE04EC0-301F-11D3-BF4B-00C04F79EFBC}") = "MathTaskClasslibray", "MathTaskClasslibray.csproj", "{D80324C8-BC54-4B61-BA9E-29F26C71392E}"
EndProject
Project("{FAE04EC0-301F-11D3-BF4B-00C04F79EFBC}") = "MathTaskClassLibraryTests", "..\MathTaskClassLibraryTests\MathTaskClassLibraryTests.csproj", "{9AA8FFD2-C388-4022-9598-9138ACD0A590}"
EndProject
Global
	GlobalSection(SolutionConfigurationPlatforms) = preSolution
		Debug|Any CPU = Debug|Any CPU
		Release|Any CPU = Release|Any CPU
	EndGlobalSection
	GlobalSection(ProjectConfigurationPlatforms) = postSolution
		{D80324C8-BC54-4B61-BA9E-29F26C71392E}.Debug|Any CPU.ActiveCfg = Debug|Any CPU
		{D80324C8-BC54-4B61-BA9E-29F26C71392E}.Debug|Any CPU.Build.0 = Debug|Any CPU
		{D80324C8-BC54-4B61-BA9E-29F26C71392E}.Release|Any CPU.ActiveCfg = Release|Any CPU
		{D80324C8-BC54-4B61-BA9E-29F26C71392E}.Release|Any CPU.Build.0 = Release|Any CPU
		{9AA8FFD2-C388-4022-9598-9138ACD0A590}.Debug|Any CPU.ActiveCfg = Debug|Any CPU
		{9AA8FFD2-C388-4022-9598-9138ACD0A590}.Debug|Any CPU.Build.0 = Debug|Any CPU
		{9AA8FFD2-C388-4022-9598-9138ACD0A590}.Release|Any CPU.ActiveCfg = Release|Any CPU
		{9AA8FFD2-C388-4022-9598-9138ACD0A590}.Release|Any CPU.Build.0 = Release|Any CPU
	EndGlobalSection
	GlobalSection(SolutionProperties) = preSolution
		HideSolutionNode = FALSE
	EndGlobalSection
	GlobalSection(ExtensibilityGlobals) = postSolution
		SolutionGuid = {B8289772-C079-4811-A1B6-50840C80362E}
	EndGlobalSection
EndGlobal
