
Microsoft Visual Studio Solution File, Format Version 12.00
Project("{FAE04EC0-301F-11D3-BF4B-00C04F79EFBC}") = "pr-01-02-01", "pr-01-02-01\pr-01-02-01.csproj", "{367027C3-823C-4F99-8037-76BEBF04B621}"
EndProject
Project("{FAE04EC0-301F-11D3-BF4B-00C04F79EFBC}") = "pr-01-02-02", "pr-01-02-02\pr-01-02-02.csproj", "{BEA43CEA-C125-47DB-8665-3E8A089EC507}"
EndProject
Global
	GlobalSection(SolutionConfigurationPlatforms) = preSolution
		Debug|Any CPU = Debug|Any CPU
		Release|Any CPU = Release|Any CPU
	EndGlobalSection
	GlobalSection(ProjectConfigurationPlatforms) = postSolution
		{367027C3-823C-4F99-8037-76BEBF04B621}.Debug|Any CPU.ActiveCfg = Debug|Any CPU
		{367027C3-823C-4F99-8037-76BEBF04B621}.Debug|Any CPU.Build.0 = Debug|Any CPU
		{367027C3-823C-4F99-8037-76BEBF04B621}.Release|Any CPU.ActiveCfg = Release|Any CPU
		{367027C3-823C-4F99-8037-76BEBF04B621}.Release|Any CPU.Build.0 = Release|Any CPU
		{BEA43CEA-C125-47DB-8665-3E8A089EC507}.Debug|Any CPU.ActiveCfg = Debug|Any CPU
		{BEA43CEA-C125-47DB-8665-3E8A089EC507}.Debug|Any CPU.Build.0 = Debug|Any CPU
		{BEA43CEA-C125-47DB-8665-3E8A089EC507}.Release|Any CPU.ActiveCfg = Release|Any CPU
		{BEA43CEA-C125-47DB-8665-3E8A089EC507}.Release|Any CPU.Build.0 = Release|Any CPU
	EndGlobalSection
EndGlobal
