
Microsoft Visual Studio Solution File, Format Version 12.00
# Visual Studio Version 16
VisualStudioVersion = 16.0.30517.126
MinimumVisualStudioVersion = 10.0.40219.1
Project("{FAE04EC0-301F-11D3-BF4B-00C04F79EFBC}") = "WindowsFormsApp1", "WindowsFormsApp1.csproj", "{522F214C-96D2-4A58-BAE5-9137B106560C}"
EndProject
Global
	GlobalSection(SolutionConfigurationPlatforms) = preSolution
		Debug|Any CPU = Debug|Any CPU
		Release|Any CPU = Release|Any CPU
	EndGlobalSection
	GlobalSection(ProjectConfigurationPlatforms) = postSolution
		{522F214C-96D2-4A58-BAE5-9137B106560C}.Debug|Any CPU.ActiveCfg = Debug|Any CPU
		{522F214C-96D2-4A58-BAE5-9137B106560C}.Debug|Any CPU.Build.0 = Debug|Any CPU
		{522F214C-96D2-4A58-BAE5-9137B106560C}.Release|Any CPU.ActiveCfg = Release|Any CPU
		{522F214C-96D2-4A58-BAE5-9137B106560C}.Release|Any CPU.Build.0 = Release|Any CPU
	EndGlobalSection
	GlobalSection(SolutionProperties) = preSolution
		HideSolutionNode = FALSE
	EndGlobalSection
	GlobalSection(ExtensibilityGlobals) = postSolution
		SolutionGuid = {A9350E00-0DAC-42A6-A3ED-C1B4F8F96D02}
	EndGlobalSection
EndGlobal
