
Microsoft Visual Studio Solution File, Format Version 12.00
# Visual Studio Version 16
VisualStudioVersion = 16.0.30406.217
MinimumVisualStudioVersion = 10.0.40219.1
Project("{9A19103F-16F7-4668-BE54-9A1E7A4F7556}") = "pr-01-04-01", "pr-01-04-01\pr-01-04-01.csproj", "{A6FFDDE7-3130-4A44-8C44-A44FE101C015}"
EndProject
Project("{F184B08F-C81C-45F6-A57F-5ABD9991F28F}") = "pr-01-04-02", "pr-01-04-02\pr-01-04-02.vbproj", "{40344A9E-6FD3-45B7-9928-FF263270E94B}"
EndProject
Global
	GlobalSection(SolutionConfigurationPlatforms) = preSolution
		Debug|Any CPU = Debug|Any CPU
		Release|Any CPU = Release|Any CPU
	EndGlobalSection
	GlobalSection(ProjectConfigurationPlatforms) = postSolution
		{A6FFDDE7-3130-4A44-8C44-A44FE101C015}.Debug|Any CPU.ActiveCfg = Debug|Any CPU
		{A6FFDDE7-3130-4A44-8C44-A44FE101C015}.Debug|Any CPU.Build.0 = Debug|Any CPU
		{A6FFDDE7-3130-4A44-8C44-A44FE101C015}.Release|Any CPU.ActiveCfg = Release|Any CPU
		{A6FFDDE7-3130-4A44-8C44-A44FE101C015}.Release|Any CPU.Build.0 = Release|Any CPU
		{40344A9E-6FD3-45B7-9928-FF263270E94B}.Debug|Any CPU.ActiveCfg = Debug|Any CPU
		{40344A9E-6FD3-45B7-9928-FF263270E94B}.Debug|Any CPU.Build.0 = Debug|Any CPU
		{40344A9E-6FD3-45B7-9928-FF263270E94B}.Release|Any CPU.ActiveCfg = Release|Any CPU
		{40344A9E-6FD3-45B7-9928-FF263270E94B}.Release|Any CPU.Build.0 = Release|Any CPU
	EndGlobalSection
	GlobalSection(SolutionProperties) = preSolution
		HideSolutionNode = FALSE
	EndGlobalSection
	GlobalSection(ExtensibilityGlobals) = postSolution
		SolutionGuid = {0AAF09A2-A979-4A48-B1B9-E52B251201EE}
	EndGlobalSection
EndGlobal
