
Microsoft Visual Studio Solution File, Format Version 12.00
Project("{FAE04EC0-301F-11D3-BF4B-00C04F79EFBC}") = "pr-08-03", "pr-08-03.csproj", "{FEA5ADD3-566F-49EB-9A28-E2C775709655}"
EndProject
Global
	GlobalSection(SolutionConfigurationPlatforms) = preSolution
		Debug|Any CPU = Debug|Any CPU
		Release|Any CPU = Release|Any CPU
	EndGlobalSection
	GlobalSection(ProjectConfigurationPlatforms) = postSolution
		{FEA5ADD3-566F-49EB-9A28-E2C775709655}.Debug|Any CPU.ActiveCfg = Debug|Any CPU
		{FEA5ADD3-566F-49EB-9A28-E2C775709655}.Debug|Any CPU.Build.0 = Debug|Any CPU
		{FEA5ADD3-566F-49EB-9A28-E2C775709655}.Release|Any CPU.ActiveCfg = Release|Any CPU
		{FEA5ADD3-566F-49EB-9A28-E2C775709655}.Release|Any CPU.Build.0 = Release|Any CPU
	EndGlobalSection
EndGlobal
